github.com/s0rg/compflag v1.1.1 h1:+pzVIaloYy+IMK+ib4lZdhEdCelbjURlXgP1Rn1BYQg=
github.com/s0rg/compflag v1.1.1/go.mod h1:/f6ziTLlPz3K5AME+sYnOxlIeVC+VNkrr1UPxdQ//rA=
github.com/s0rg/set v1.2.4 h1:e86pJUSYMHtAejfEayVflRZboAovHTjxt6LlENbaJME=
github.com/s0rg/set v1.2.4/go.mod h1:bsrixFcfTI8u6t9Ym4eclLPVk8qeLiXCtBkvX217D6M=
github.com/tdewolff/parse/v2 v2.8.1 h1:J5GSHru6o3jF1uLlEKVXkDxxcVx6yzOlIVIotK4w2po=
github.com/tdewolff/parse/v2 v2.8.1/go.mod h1:Hwlni2tiVNKyzR1o6nUs4FOF07URA+JLBLd6dlIXYqo=
github.com/tdewolff/test v1.0.11 h1:FdLbwQVHxqG16SlkGveC0JVyrJN62COWTRyUFzfbtBE=
github.com/tdewolff/test v1.0.11/go.mod h1:XPuWBzvdUzhCuxWO1ojpXsyzsA5bFoS3tO/Q3kFuTG8=
golang.org/x/net v0.46.0 h1:giFlY12I07fugqwPuWJi68oOnpfqFnJIJzaIIm2JVV4=
golang.org/x/net v0.46.0/go.mod h1:Q9BGdFy1y4nkUwiLvT5qtyhAnEHgnQ/zd8PfU6nc210=
