github.com/s0rg/compflag v1.1.0 h1:xhCUPLy+5Ue/Q9I/nIcLti2Ul6P42JYx4UvtYoDXmlQ=
github.com/s0rg/compflag v1.1.0/go.mod h1:XMntVpc3+jpmBe0s8xo4w9swH8T9ARGkMC9HFiDRoUw=
github.com/s0rg/set v1.0.0 h1:/MAmKEQ3Ltodli7/+e8iSTKNwhzmvxkmSDZO8BMTFbE=
github.com/s0rg/set v1.0.0/go.mod h1:n2TtovR+7TrBIztw+6muV9ZLRuDIimsd8YyTN+QBmHQ=
golang.org/x/net v0.8.0 h1:Zrh2ngAOFYneWTAIAPethzeaQLuHwhuBkuV6ZiRnUaQ=
golang.org/x/net v0.8.0/go.mod h1:QVkue5JL9kW//ek3r6jTKnTFis1tRmNAW2P1shuFdJc=
